# THIS IS AN AUTOGENERATED FILE. DO NOT EDIT THIS FILE DIRECTLY.
# yarn lockfile v1


"@prisma/engines@3.15.1-1.461d6a05159055555eb7dfb337c9fb271cbd4d7e":
  version "3.15.1-1.461d6a05159055555eb7dfb337c9fb271cbd4d7e"
  resolved "https://registry.yarnpkg.com/@prisma/engines/-/engines-3.15.1-1.461d6a05159055555eb7dfb337c9fb271cbd4d7e.tgz#f691893df506b93e3cb1ccc15ec6e5ac64e8e570"
  integrity sha512-NHlojO1DFTsSi3FtEleL9QWXeSF/UjhCW0fgpi7bumnNZ4wj/eQ+BJJ5n2pgoOliTOGv9nX2qXvmHap7rJMNmg==

prisma@^3.15.1:
  version "3.15.1"
  resolved "https://registry.yarnpkg.com/prisma/-/prisma-3.15.1.tgz#5f7e22012775af3861ce0ff517cba581c9bd7350"
  integrity sha512-MLO3JUGJpe5+EVisA/i47+zlyF8Ug0ivvGYG4B9oSXQcPiUHB1ccmnpxqR7o0Up5SQgmxkBiEU//HgR6UuIKOw==
  dependencies:
    "@prisma/engines" "3.15.1-1.461d6a05159055555eb7dfb337c9fb271cbd4d7e"
